
Microsoft Visual Studio Solution File, Format Version 12.00
# Visual Studio Version 17
VisualStudioVersion = 17.13.35919.96
MinimumVisualStudioVersion = 10.0.40219.1
Project("{FAE04EC0-301F-11D3-BF4B-00C04F79EFBC}") = "CESIZen", "CESIZen\CESIZen.csproj", "{F4ED1FE3-C4B4-488F-869E-3BB50878CEBC}"
EndProject
Project("{FAE04EC0-301F-11D3-BF4B-00C04F79EFBC}") = "CESIZen.Tests", "CESIZen.Tests\CESIZen.Tests.csproj", "{E8970ED5-4439-4C79-8959-78D747404683}"
EndProject
Global
	GlobalSection(SolutionConfigurationPlatforms) = preSolution
		Debug|Any CPU = Debug|Any CPU
		Release|Any CPU = Release|Any CPU
	EndGlobalSection
	GlobalSection(ProjectConfigurationPlatforms) = postSolution
		{F4ED1FE3-C4B4-488F-869E-3BB50878CEBC}.Debug|Any CPU.ActiveCfg = Debug|Any CPU
		{F4ED1FE3-C4B4-488F-869E-3BB50878CEBC}.Debug|Any CPU.Build.0 = Debug|Any CPU
		{F4ED1FE3-C4B4-488F-869E-3BB50878CEBC}.Release|Any CPU.ActiveCfg = Release|Any CPU
		{F4ED1FE3-C4B4-488F-869E-3BB50878CEBC}.Release|Any CPU.Build.0 = Release|Any CPU
		{E8970ED5-4439-4C79-8959-78D747404683}.Debug|Any CPU.ActiveCfg = Debug|Any CPU
		{E8970ED5-4439-4C79-8959-78D747404683}.Debug|Any CPU.Build.0 = Debug|Any CPU
		{E8970ED5-4439-4C79-8959-78D747404683}.Release|Any CPU.ActiveCfg = Release|Any CPU
		{E8970ED5-4439-4C79-8959-78D747404683}.Release|Any CPU.Build.0 = Release|Any CPU
	EndGlobalSection
	GlobalSection(SolutionProperties) = preSolution
		HideSolutionNode = FALSE
	EndGlobalSection
	GlobalSection(ExtensibilityGlobals) = postSolution
		SolutionGuid = {FF69A79C-9F45-406B-B1DD-DC44494EBA39}
	EndGlobalSection
EndGlobal
